// !$*UTF8*$!
{
	archiveVersion = 1;
	classes = {
	};
	objectVersion = 46;
	objects = {

/* Begin PBXBuildFile section */
		F315F5871952549B007B2D95 /* util.cpp in Sources */ = {isa = PBXBuildFile; fileRef = F315F5851952549B007B2D95 /* util.cpp */; };
		F315F58A195254C6007B2D95 /* Octree.cpp in Sources */ = {isa = PBXBuildFile; fileRef = F315F588195254C6007B2D95 /* Octree.cpp */; };
		F315F58D195257BA007B2D95 /* Node.cpp in Sources */ = {isa = PBXBuildFile; fileRef = F315F58B195257BA007B2D95 /* Node.cpp */; };
		F315F59A19540BEA007B2D95 /* XCTest.framework in Frameworks */ = {isa = PBXBuildFile; fileRef = F315F59919540BEA007B2D95 /* XCTest.framework */; };
		F315F5A019540BEB007B2D95 /* InfoPlist.strings in Resources */ = {isa = PBXBuildFile; fileRef = F315F59E19540BEA007B2D95 /* InfoPlist.strings */; };
		F315F5A219540BEB007B2D95 /* ntw_Tests.m in Sources */ = {isa = PBXBuildFile; fileRef = F315F5A119540BEB007B2D95 /* ntw_Tests.m */; };
		F3395E821958F46000953A5A /* octree-debug.vs in Resources */ = {isa = PBXBuildFile; fileRef = F315F58F19536B73007B2D95 /* octree-debug.vs */; };
		F3395E831958F46000953A5A /* octree-debug.fs in Resources */ = {isa = PBXBuildFile; fileRef = F315F59119536BEA007B2D95 /* octree-debug.fs */; };
		F3395E841958F46000953A5A /* planet-vert.vs in Resources */ = {isa = PBXBuildFile; fileRef = F344933C1958200700D4F76F /* planet-vert.vs */; };
		F3395E851958F46000953A5A /* planet-frag.fs in Resources */ = {isa = PBXBuildFile; fileRef = F344933E1958202E00D4F76F /* planet-frag.fs */; };
		F344933A19581F0C00D4F76F /* Player.cpp in Sources */ = {isa = PBXBuildFile; fileRef = F344933819581F0C00D4F76F /* Player.cpp */; };
		F34D5E52194FF06E00FE8995 /* MouseButtonEvent.cpp in Sources */ = {isa = PBXBuildFile; fileRef = F34D5E50194FF06E00FE8995 /* MouseButtonEvent.cpp */; };
		F3A68960193BF24A004E02FC /* main.cpp in Sources */ = {isa = PBXBuildFile; fileRef = F3A6895F193BF24A004E02FC /* main.cpp */; };
		F3A68C13193BF550004E02FC /* glew.c in Sources */ = {isa = PBXBuildFile; fileRef = F3A68C12193BF550004E02FC /* glew.c */; };
		F3A68C17193BF627004E02FC /* OpenGL.framework in Frameworks */ = {isa = PBXBuildFile; fileRef = F3A68C16193BF627004E02FC /* OpenGL.framework */; };
		F3A68C19193BF62D004E02FC /* Cocoa.framework in Frameworks */ = {isa = PBXBuildFile; fileRef = F3A68C18193BF62D004E02FC /* Cocoa.framework */; };
		F3A68C1A193BF78B004E02FC /* Bitmap.cpp in Sources */ = {isa = PBXBuildFile; fileRef = F3A68969193BF462004E02FC /* Bitmap.cpp */; };
		F3A68C1B193BF78B004E02FC /* Camera.cpp in Sources */ = {isa = PBXBuildFile; fileRef = F3A6896B193BF462004E02FC /* Camera.cpp */; };
		F3A68C1C193BF78B004E02FC /* Program.cpp in Sources */ = {isa = PBXBuildFile; fileRef = F3A6896D193BF462004E02FC /* Program.cpp */; };
		F3A68C1D193BF78B004E02FC /* Shader.cpp in Sources */ = {isa = PBXBuildFile; fileRef = F3A6896F193BF462004E02FC /* Shader.cpp */; };
		F3A68C1E193BF78B004E02FC /* Texture.cpp in Sources */ = {isa = PBXBuildFile; fileRef = F3A68971193BF462004E02FC /* Texture.cpp */; };
		F3A68C22193BF976004E02FC /* Game.cpp in Sources */ = {isa = PBXBuildFile; fileRef = F3A68C20193BF976004E02FC /* Game.cpp */; };
		F3A68C2A193BFBCA004E02FC /* fragment-shader.fs in Resources */ = {isa = PBXBuildFile; fileRef = F3A68C25193BFB7D004E02FC /* fragment-shader.fs */; };
		F3A68C2B193BFBCA004E02FC /* ui-frag-shader.fs in Resources */ = {isa = PBXBuildFile; fileRef = F3A68C26193BFB7D004E02FC /* ui-frag-shader.fs */; };
		F3A68C2C193BFBCA004E02FC /* ui-vert-shader.vs in Resources */ = {isa = PBXBuildFile; fileRef = F3A68C27193BFB7D004E02FC /* ui-vert-shader.vs */; };
		F3A68C2D193BFBCA004E02FC /* vertex-shader.vs in Resources */ = {isa = PBXBuildFile; fileRef = F3A68C28193BFB7D004E02FC /* vertex-shader.vs */; };
		F3A68C30193BFD91004E02FC /* Graphics.cpp in Sources */ = {isa = PBXBuildFile; fileRef = F3A68C2E193BFD91004E02FC /* Graphics.cpp */; };
		F3A68C38193C1156004E02FC /* Assets.cpp in Sources */ = {isa = PBXBuildFile; fileRef = F3A68C36193C1156004E02FC /* Assets.cpp */; };
		F3A68C3A193C1486004E02FC /* IOKit.framework in Frameworks */ = {isa = PBXBuildFile; fileRef = F3A68C39193C1486004E02FC /* IOKit.framework */; };
		F3A68C3D193C1D1E004E02FC /* Env.cpp in Sources */ = {isa = PBXBuildFile; fileRef = F3A68C3B193C1D1E004E02FC /* Env.cpp */; };
		F3A68C41193D5CFD004E02FC /* Galaxy.cpp in Sources */ = {isa = PBXBuildFile; fileRef = F3A68C3F193D5CFD004E02FC /* Galaxy.cpp */; };
		F3A68C44193D5D09004E02FC /* SolarSystem.cpp in Sources */ = {isa = PBXBuildFile; fileRef = F3A68C42193D5D09004E02FC /* SolarSystem.cpp */; };
		F3A68C4A193D5D20004E02FC /* Star.cpp in Sources */ = {isa = PBXBuildFile; fileRef = F3A68C48193D5D20004E02FC /* Star.cpp */; };
		F3A68C4D193D5D38004E02FC /* SolarSystemObject.cpp in Sources */ = {isa = PBXBuildFile; fileRef = F3A68C4B193D5D38004E02FC /* SolarSystemObject.cpp */; };
		F3A68C50193D5D68004E02FC /* Planet.cpp in Sources */ = {isa = PBXBuildFile; fileRef = F3A68C4E193D5D68004E02FC /* Planet.cpp */; };
		F3A68C53193D5D78004E02FC /* Moon.cpp in Sources */ = {isa = PBXBuildFile; fileRef = F3A68C51193D5D78004E02FC /* Moon.cpp */; };
		F3A68C56193D6D87004E02FC /* GalacticObject.cpp in Sources */ = {isa = PBXBuildFile; fileRef = F3A68C54193D6D87004E02FC /* GalacticObject.cpp */; };
		F3D6E7A41944507B00851E13 /* uiSystemSearch.cpp in Sources */ = {isa = PBXBuildFile; fileRef = F3D6E7A21944507B00851E13 /* uiSystemSearch.cpp */; };
		F3D6E7A71945681300851E13 /* Input.cpp in Sources */ = {isa = PBXBuildFile; fileRef = F3D6E7A51945681300851E13 /* Input.cpp */; };
		F3D6E7AB194568BB00851E13 /* KeyEvent.cpp in Sources */ = {isa = PBXBuildFile; fileRef = F3D6E7A9194568BA00851E13 /* KeyEvent.cpp */; };
		F3D6E7AE194568C600851E13 /* MouseEvent.cpp in Sources */ = {isa = PBXBuildFile; fileRef = F3D6E7AC194568C600851E13 /* MouseEvent.cpp */; };
		F3D6E7B3194585E800851E13 /* Interface.cpp in Sources */ = {isa = PBXBuildFile; fileRef = F3D6E7B1194585E800851E13 /* Interface.cpp */; };
		F3D6E7B61945862400851E13 /* uiWindow.cpp in Sources */ = {isa = PBXBuildFile; fileRef = F3D6E7B41945862400851E13 /* uiWindow.cpp */; };
		F3D6E7BF1946E75400851E13 /* libglfw.3.0.dylib in Frameworks */ = {isa = PBXBuildFile; fileRef = F3D6E7BE1946E75400851E13 /* libglfw.3.0.dylib */; };
		F3D6E7C11946FACE00851E13 /* Awesomium.framework in Frameworks */ = {isa = PBXBuildFile; fileRef = F3D6E7C01946FACE00851E13 /* Awesomium.framework */; };
		F3D6E80C1948522A00851E13 /* version in Resources */ = {isa = PBXBuildFile; fileRef = F3D6E80B1948522A00851E13 /* version */; };
		F3D6E80E1949A91B00851E13 /* search.html in Resources */ = {isa = PBXBuildFile; fileRef = F3D6E80D1949A91B00851E13 /* search.html */; };
		F3D6E8101949A92900851E13 /* menu.html in Resources */ = {isa = PBXBuildFile; fileRef = F3D6E80F1949A92800851E13 /* menu.html */; };
		F3EDB6C0194CD61500466455 /* dev.html in Resources */ = {isa = PBXBuildFile; fileRef = F3EDB6BF194CD61500466455 /* dev.html */; };
/* End PBXBuildFile section */

/* Begin PBXContainerItemProxy section */
		F315F5A419540BEB007B2D95 /* PBXContainerItemProxy */ = {
			isa = PBXContainerItemProxy;
			containerPortal = F3A68954193BF24A004E02FC /* Project object */;
			proxyType = 1;
			remoteGlobalIDString = F3A6895B193BF24A004E02FC;
			remoteInfo = ntw;
		};
/* End PBXContainerItemProxy section */

/* Begin PBXFileReference section */
		F315F5851952549B007B2D95 /* util.cpp */ = {isa = PBXFileReference; fileEncoding = 4; lastKnownFileType = sourcecode.cpp.cpp; path = util.cpp; sourceTree = "<group>"; };
		F315F5861952549B007B2D95 /* util.h */ = {isa = PBXFileReference; fileEncoding = 4; lastKnownFileType = sourcecode.c.h; path = util.h; sourceTree = "<group>"; };
		F315F588195254C6007B2D95 /* Octree.cpp */ = {isa = PBXFileReference; fileEncoding = 4; lastKnownFileType = sourcecode.cpp.cpp; path = Octree.cpp; sourceTree = "<group>"; };
		F315F589195254C6007B2D95 /* Octree.h */ = {isa = PBXFileReference; fileEncoding = 4; lastKnownFileType = sourcecode.c.h; path = Octree.h; sourceTree = "<group>"; };
		F315F58B195257BA007B2D95 /* Node.cpp */ = {isa = PBXFileReference; fileEncoding = 4; lastKnownFileType = sourcecode.cpp.cpp; path = Node.cpp; sourceTree = "<group>"; };
		F315F58C195257BA007B2D95 /* Node.h */ = {isa = PBXFileReference; fileEncoding = 4; lastKnownFileType = sourcecode.c.h; path = Node.h; sourceTree = "<group>"; };
		F315F58E19525C12007B2D95 /* Obj.h */ = {isa = PBXFileReference; lastKnownFileType = sourcecode.c.h; path = Obj.h; sourceTree = "<group>"; };
		F315F58F19536B73007B2D95 /* octree-debug.vs */ = {isa = PBXFileReference; fileEncoding = 4; lastKnownFileType = sourcecode.glsl; path = "octree-debug.vs"; sourceTree = "<group>"; };
		F315F59119536BEA007B2D95 /* octree-debug.fs */ = {isa = PBXFileReference; fileEncoding = 4; lastKnownFileType = sourcecode.glsl; path = "octree-debug.fs"; sourceTree = "<group>"; };
		F315F59719540BEA007B2D95 /* ntw Tests.xctest */ = {isa = PBXFileReference; explicitFileType = wrapper.cfbundle; includeInIndex = 0; path = "ntw Tests.xctest"; sourceTree = BUILT_PRODUCTS_DIR; };
		F315F59919540BEA007B2D95 /* XCTest.framework */ = {isa = PBXFileReference; lastKnownFileType = wrapper.framework; name = XCTest.framework; path = Library/Frameworks/XCTest.framework; sourceTree = DEVELOPER_DIR; };
		F315F59D19540BEA007B2D95 /* ntw Tests-Info.plist */ = {isa = PBXFileReference; lastKnownFileType = text.plist.xml; path = "ntw Tests-Info.plist"; sourceTree = "<group>"; };
		F315F59F19540BEA007B2D95 /* en */ = {isa = PBXFileReference; lastKnownFileType = text.plist.strings; name = en; path = en.lproj/InfoPlist.strings; sourceTree = "<group>"; };
		F315F5A119540BEB007B2D95 /* ntw_Tests.m */ = {isa = PBXFileReference; lastKnownFileType = sourcecode.c.objc; path = ntw_Tests.m; sourceTree = "<group>"; };
		F315F5A319540BEB007B2D95 /* ntw Tests-Prefix.pch */ = {isa = PBXFileReference; lastKnownFileType = sourcecode.c.h; path = "ntw Tests-Prefix.pch"; sourceTree = "<group>"; };
		F344933819581F0C00D4F76F /* Player.cpp */ = {isa = PBXFileReference; fileEncoding = 4; lastKnownFileType = sourcecode.cpp.cpp; path = Player.cpp; sourceTree = "<group>"; };
		F344933919581F0C00D4F76F /* Player.h */ = {isa = PBXFileReference; fileEncoding = 4; lastKnownFileType = sourcecode.c.h; path = Player.h; sourceTree = "<group>"; };
		F344933C1958200700D4F76F /* planet-vert.vs */ = {isa = PBXFileReference; fileEncoding = 4; lastKnownFileType = sourcecode.glsl; path = "planet-vert.vs"; sourceTree = "<group>"; };
		F344933E1958202E00D4F76F /* planet-frag.fs */ = {isa = PBXFileReference; fileEncoding = 4; lastKnownFileType = sourcecode.glsl; path = "planet-frag.fs"; sourceTree = "<group>"; };
		F34D5E50194FF06E00FE8995 /* MouseButtonEvent.cpp */ = {isa = PBXFileReference; fileEncoding = 4; lastKnownFileType = sourcecode.cpp.cpp; path = MouseButtonEvent.cpp; sourceTree = "<group>"; };
		F34D5E51194FF06E00FE8995 /* MouseButtonEvent.h */ = {isa = PBXFileReference; fileEncoding = 4; lastKnownFileType = sourcecode.c.h; path = MouseButtonEvent.h; sourceTree = "<group>"; };
		F34D5E56194FF43000FE8995 /* InputEnum.h */ = {isa = PBXFileReference; lastKnownFileType = sourcecode.c.h; path = InputEnum.h; sourceTree = "<group>"; };
		F3A6895C193BF24A004E02FC /* ntw */ = {isa = PBXFileReference; explicitFileType = "compiled.mach-o.executable"; includeInIndex = 0; path = ntw; sourceTree = BUILT_PRODUCTS_DIR; };
		F3A6895F193BF24A004E02FC /* main.cpp */ = {isa = PBXFileReference; lastKnownFileType = sourcecode.cpp.cpp; path = main.cpp; sourceTree = "<group>"; };
		F3A68969193BF462004E02FC /* Bitmap.cpp */ = {isa = PBXFileReference; lastKnownFileType = sourcecode.cpp.cpp; path = Bitmap.cpp; sourceTree = "<group>"; };
		F3A6896A193BF462004E02FC /* Bitmap.h */ = {isa = PBXFileReference; lastKnownFileType = sourcecode.c.h; path = Bitmap.h; sourceTree = "<group>"; };
		F3A6896B193BF462004E02FC /* Camera.cpp */ = {isa = PBXFileReference; lastKnownFileType = sourcecode.cpp.cpp; path = Camera.cpp; sourceTree = "<group>"; };
		F3A6896C193BF462004E02FC /* Camera.h */ = {isa = PBXFileReference; lastKnownFileType = sourcecode.c.h; path = Camera.h; sourceTree = "<group>"; };
		F3A6896D193BF462004E02FC /* Program.cpp */ = {isa = PBXFileReference; lastKnownFileType = sourcecode.cpp.cpp; path = Program.cpp; sourceTree = "<group>"; };
		F3A6896E193BF462004E02FC /* Program.h */ = {isa = PBXFileReference; lastKnownFileType = sourcecode.c.h; path = Program.h; sourceTree = "<group>"; };
		F3A6896F193BF462004E02FC /* Shader.cpp */ = {isa = PBXFileReference; lastKnownFileType = sourcecode.cpp.cpp; path = Shader.cpp; sourceTree = "<group>"; };
		F3A68970193BF462004E02FC /* Shader.h */ = {isa = PBXFileReference; lastKnownFileType = sourcecode.c.h; path = Shader.h; sourceTree = "<group>"; };
		F3A68971193BF462004E02FC /* Texture.cpp */ = {isa = PBXFileReference; lastKnownFileType = sourcecode.cpp.cpp; path = Texture.cpp; sourceTree = "<group>"; };
		F3A68972193BF462004E02FC /* Texture.h */ = {isa = PBXFileReference; lastKnownFileType = sourcecode.c.h; path = Texture.h; sourceTree = "<group>"; };
		F3A68C12193BF550004E02FC /* glew.c */ = {isa = PBXFileReference; fileEncoding = 4; lastKnownFileType = sourcecode.c.c; name = glew.c; path = thirdparty/glew/src/glew.c; sourceTree = "<group>"; };
		F3A68C16193BF627004E02FC /* OpenGL.framework */ = {isa = PBXFileReference; lastKnownFileType = wrapper.framework; name = OpenGL.framework; path = System/Library/Frameworks/OpenGL.framework; sourceTree = SDKROOT; };
		F3A68C18193BF62D004E02FC /* Cocoa.framework */ = {isa = PBXFileReference; lastKnownFileType = wrapper.framework; name = Cocoa.framework; path = System/Library/Frameworks/Cocoa.framework; sourceTree = SDKROOT; };
		F3A68C20193BF976004E02FC /* Game.cpp */ = {isa = PBXFileReference; fileEncoding = 4; lastKnownFileType = sourcecode.cpp.cpp; path = Game.cpp; sourceTree = "<group>"; };
		F3A68C21193BF976004E02FC /* Game.h */ = {isa = PBXFileReference; fileEncoding = 4; lastKnownFileType = sourcecode.c.h; path = Game.h; sourceTree = "<group>"; };
		F3A68C25193BFB7D004E02FC /* fragment-shader.fs */ = {isa = PBXFileReference; lastKnownFileType = sourcecode.glsl; path = "fragment-shader.fs"; sourceTree = "<group>"; };
		F3A68C26193BFB7D004E02FC /* ui-frag-shader.fs */ = {isa = PBXFileReference; lastKnownFileType = sourcecode.glsl; path = "ui-frag-shader.fs"; sourceTree = "<group>"; };
		F3A68C27193BFB7D004E02FC /* ui-vert-shader.vs */ = {isa = PBXFileReference; lastKnownFileType = sourcecode.glsl; path = "ui-vert-shader.vs"; sourceTree = "<group>"; };
		F3A68C28193BFB7D004E02FC /* vertex-shader.vs */ = {isa = PBXFileReference; lastKnownFileType = sourcecode.glsl; path = "vertex-shader.vs"; sourceTree = "<group>"; };
		F3A68C2E193BFD91004E02FC /* Graphics.cpp */ = {isa = PBXFileReference; fileEncoding = 4; lastKnownFileType = sourcecode.cpp.cpp; path = Graphics.cpp; sourceTree = "<group>"; };
		F3A68C2F193BFD91004E02FC /* Graphics.h */ = {isa = PBXFileReference; fileEncoding = 4; lastKnownFileType = sourcecode.c.h; path = Graphics.h; sourceTree = "<group>"; };
		F3A68C36193C1156004E02FC /* Assets.cpp */ = {isa = PBXFileReference; fileEncoding = 4; lastKnownFileType = sourcecode.cpp.cpp; path = Assets.cpp; sourceTree = "<group>"; };
		F3A68C37193C1156004E02FC /* Assets.h */ = {isa = PBXFileReference; fileEncoding = 4; lastKnownFileType = sourcecode.c.h; path = Assets.h; sourceTree = "<group>"; };
		F3A68C39193C1486004E02FC /* IOKit.framework */ = {isa = PBXFileReference; lastKnownFileType = wrapper.framework; name = IOKit.framework; path = System/Library/Frameworks/IOKit.framework; sourceTree = SDKROOT; };
		F3A68C3B193C1D1E004E02FC /* Env.cpp */ = {isa = PBXFileReference; fileEncoding = 4; lastKnownFileType = sourcecode.cpp.cpp; path = Env.cpp; sourceTree = "<group>"; };
		F3A68C3C193C1D1E004E02FC /* Env.h */ = {isa = PBXFileReference; fileEncoding = 4; lastKnownFileType = sourcecode.c.h; path = Env.h; sourceTree = "<group>"; };
		F3A68C3F193D5CFD004E02FC /* Galaxy.cpp */ = {isa = PBXFileReference; fileEncoding = 4; lastKnownFileType = sourcecode.cpp.cpp; path = Galaxy.cpp; sourceTree = "<group>"; };
		F3A68C40193D5CFD004E02FC /* Galaxy.h */ = {isa = PBXFileReference; fileEncoding = 4; lastKnownFileType = sourcecode.c.h; path = Galaxy.h; sourceTree = "<group>"; };
		F3A68C42193D5D09004E02FC /* SolarSystem.cpp */ = {isa = PBXFileReference; fileEncoding = 4; lastKnownFileType = sourcecode.cpp.cpp; path = SolarSystem.cpp; sourceTree = "<group>"; };
		F3A68C43193D5D09004E02FC /* SolarSystem.h */ = {isa = PBXFileReference; fileEncoding = 4; lastKnownFileType = sourcecode.c.h; path = SolarSystem.h; sourceTree = "<group>"; };
		F3A68C48193D5D20004E02FC /* Star.cpp */ = {isa = PBXFileReference; fileEncoding = 4; lastKnownFileType = sourcecode.cpp.cpp; path = Star.cpp; sourceTree = "<group>"; };
		F3A68C49193D5D20004E02FC /* Star.h */ = {isa = PBXFileReference; fileEncoding = 4; lastKnownFileType = sourcecode.c.h; path = Star.h; sourceTree = "<group>"; };
		F3A68C4B193D5D38004E02FC /* SolarSystemObject.cpp */ = {isa = PBXFileReference; fileEncoding = 4; lastKnownFileType = sourcecode.cpp.cpp; path = SolarSystemObject.cpp; sourceTree = "<group>"; };
		F3A68C4C193D5D38004E02FC /* SolarSystemObject.h */ = {isa = PBXFileReference; fileEncoding = 4; lastKnownFileType = sourcecode.c.h; path = SolarSystemObject.h; sourceTree = "<group>"; };
		F3A68C4E193D5D68004E02FC /* Planet.cpp */ = {isa = PBXFileReference; fileEncoding = 4; lastKnownFileType = sourcecode.cpp.cpp; path = Planet.cpp; sourceTree = "<group>"; };
		F3A68C4F193D5D68004E02FC /* Planet.h */ = {isa = PBXFileReference; fileEncoding = 4; lastKnownFileType = sourcecode.c.h; path = Planet.h; sourceTree = "<group>"; };
		F3A68C51193D5D78004E02FC /* Moon.cpp */ = {isa = PBXFileReference; fileEncoding = 4; lastKnownFileType = sourcecode.cpp.cpp; path = Moon.cpp; sourceTree = "<group>"; };
		F3A68C52193D5D78004E02FC /* Moon.h */ = {isa = PBXFileReference; fileEncoding = 4; lastKnownFileType = sourcecode.c.h; path = Moon.h; sourceTree = "<group>"; };
		F3A68C54193D6D87004E02FC /* GalacticObject.cpp */ = {isa = PBXFileReference; fileEncoding = 4; lastKnownFileType = sourcecode.cpp.cpp; path = GalacticObject.cpp; sourceTree = "<group>"; };
		F3A68C55193D6D87004E02FC /* GalacticObject.h */ = {isa = PBXFileReference; fileEncoding = 4; lastKnownFileType = sourcecode.c.h; path = GalacticObject.h; sourceTree = "<group>"; };
		F3D6E7A21944507B00851E13 /* uiSystemSearch.cpp */ = {isa = PBXFileReference; fileEncoding = 4; lastKnownFileType = sourcecode.cpp.cpp; path = uiSystemSearch.cpp; sourceTree = "<group>"; };
		F3D6E7A31944507B00851E13 /* uiSystemSearch.h */ = {isa = PBXFileReference; fileEncoding = 4; lastKnownFileType = sourcecode.c.h; path = uiSystemSearch.h; sourceTree = "<group>"; };
		F3D6E7A51945681300851E13 /* Input.cpp */ = {isa = PBXFileReference; fileEncoding = 4; lastKnownFileType = sourcecode.cpp.cpp; path = Input.cpp; sourceTree = "<group>"; };
		F3D6E7A61945681300851E13 /* Input.h */ = {isa = PBXFileReference; fileEncoding = 4; lastKnownFileType = sourcecode.c.h; path = Input.h; sourceTree = "<group>"; };
		F3D6E7A9194568BA00851E13 /* KeyEvent.cpp */ = {isa = PBXFileReference; fileEncoding = 4; lastKnownFileType = sourcecode.cpp.cpp; path = KeyEvent.cpp; sourceTree = "<group>"; };
		F3D6E7AA194568BB00851E13 /* KeyEvent.h */ = {isa = PBXFileReference; fileEncoding = 4; lastKnownFileType = sourcecode.c.h; path = KeyEvent.h; sourceTree = "<group>"; };
		F3D6E7AC194568C600851E13 /* MouseEvent.cpp */ = {isa = PBXFileReference; fileEncoding = 4; lastKnownFileType = sourcecode.cpp.cpp; path = MouseEvent.cpp; sourceTree = "<group>"; };
		F3D6E7AD194568C600851E13 /* MouseEvent.h */ = {isa = PBXFileReference; fileEncoding = 4; lastKnownFileType = sourcecode.c.h; path = MouseEvent.h; sourceTree = "<group>"; };
		F3D6E7B1194585E800851E13 /* Interface.cpp */ = {isa = PBXFileReference; fileEncoding = 4; lastKnownFileType = sourcecode.cpp.cpp; path = Interface.cpp; sourceTree = "<group>"; };
		F3D6E7B2194585E800851E13 /* Interface.h */ = {isa = PBXFileReference; fileEncoding = 4; lastKnownFileType = sourcecode.c.h; path = Interface.h; sourceTree = "<group>"; };
		F3D6E7B41945862400851E13 /* uiWindow.cpp */ = {isa = PBXFileReference; fileEncoding = 4; lastKnownFileType = sourcecode.cpp.cpp; path = uiWindow.cpp; sourceTree = "<group>"; };
		F3D6E7B51945862400851E13 /* uiWindow.h */ = {isa = PBXFileReference; fileEncoding = 4; lastKnownFileType = sourcecode.c.h; path = uiWindow.h; sourceTree = "<group>"; };
		F3D6E7BE1946E75400851E13 /* libglfw.3.0.dylib */ = {isa = PBXFileReference; lastKnownFileType = "compiled.mach-o.dylib"; name = libglfw.3.0.dylib; path = thirdparty/glfw/libglfw.3.0.dylib; sourceTree = "<group>"; };
		F3D6E7C01946FACE00851E13 /* Awesomium.framework */ = {isa = PBXFileReference; lastKnownFileType = wrapper.framework; name = Awesomium.framework; path = /Library/Frameworks/Awesomium.framework; sourceTree = "<absolute>"; };
		F3D6E80B1948522A00851E13 /* version */ = {isa = PBXFileReference; fileEncoding = 4; lastKnownFileType = text; path = version; sourceTree = "<group>"; };
		F3D6E80D1949A91B00851E13 /* search.html */ = {isa = PBXFileReference; fileEncoding = 4; lastKnownFileType = text.html; path = search.html; sourceTree = "<group>"; };
		F3D6E80F1949A92800851E13 /* menu.html */ = {isa = PBXFileReference; fileEncoding = 4; lastKnownFileType = text.html; path = menu.html; sourceTree = "<group>"; };
		F3EDB6BF194CD61500466455 /* dev.html */ = {isa = PBXFileReference; fileEncoding = 4; lastKnownFileType = text.html; path = dev.html; sourceTree = "<group>"; };
/* End PBXFileReference section */

/* Begin PBXFrameworksBuildPhase section */
		F315F59419540BEA007B2D95 /* Frameworks */ = {
			isa = PBXFrameworksBuildPhase;
			buildActionMask = 2147483647;
			files = (
				F315F59A19540BEA007B2D95 /* XCTest.framework in Frameworks */,
			);
			runOnlyForDeploymentPostprocessing = 0;
		};
		F3A68959193BF24A004E02FC /* Frameworks */ = {
			isa = PBXFrameworksBuildPhase;
			buildActionMask = 2147483647;
			files = (
				F3D6E7C11946FACE00851E13 /* Awesomium.framework in Frameworks */,
				F3D6E7BF1946E75400851E13 /* libglfw.3.0.dylib in Frameworks */,
				F3A68C19193BF62D004E02FC /* Cocoa.framework in Frameworks */,
				F3A68C17193BF627004E02FC /* OpenGL.framework in Frameworks */,
				F3A68C3A193C1486004E02FC /* IOKit.framework in Frameworks */,
			);
			runOnlyForDeploymentPostprocessing = 0;
		};
/* End PBXFrameworksBuildPhase section */

/* Begin PBXGroup section */
		F315F58419525478007B2D95 /* util */ = {
			isa = PBXGroup;
			children = (
				F315F5851952549B007B2D95 /* util.cpp */,
				F315F5861952549B007B2D95 /* util.h */,
				F315F588195254C6007B2D95 /* Octree.cpp */,
				F315F589195254C6007B2D95 /* Octree.h */,
				F315F58B195257BA007B2D95 /* Node.cpp */,
				F315F58C195257BA007B2D95 /* Node.h */,
			);
			name = util;
			path = ntw/util;
			sourceTree = SOURCE_ROOT;
		};
		F315F59819540BEA007B2D95 /* Frameworks */ = {
			isa = PBXGroup;
			children = (
				F315F59919540BEA007B2D95 /* XCTest.framework */,
			);
			name = Frameworks;
			sourceTree = "<group>";
		};
		F315F59B19540BEA007B2D95 /* ntw Tests */ = {
			isa = PBXGroup;
			children = (
				F315F5A119540BEB007B2D95 /* ntw_Tests.m */,
				F315F59C19540BEA007B2D95 /* Supporting Files */,
			);
			path = "ntw Tests";
			sourceTree = "<group>";
		};
		F315F59C19540BEA007B2D95 /* Supporting Files */ = {
			isa = PBXGroup;
			children = (
				F315F59D19540BEA007B2D95 /* ntw Tests-Info.plist */,
				F315F59E19540BEA007B2D95 /* InfoPlist.strings */,
				F315F5A319540BEB007B2D95 /* ntw Tests-Prefix.pch */,
			);
			name = "Supporting Files";
			sourceTree = "<group>";
		};
		F344933B19581F9E00D4F76F /* shaders */ = {
			isa = PBXGroup;
			children = (
				F3A68C25193BFB7D004E02FC /* fragment-shader.fs */,
				F3A68C26193BFB7D004E02FC /* ui-frag-shader.fs */,
				F3A68C27193BFB7D004E02FC /* ui-vert-shader.vs */,
				F3A68C28193BFB7D004E02FC /* vertex-shader.vs */,
				F315F58F19536B73007B2D95 /* octree-debug.vs */,
				F315F59119536BEA007B2D95 /* octree-debug.fs */,
				F344933C1958200700D4F76F /* planet-vert.vs */,
				F344933E1958202E00D4F76F /* planet-frag.fs */,
			);
			name = shaders;
			sourceTree = "<group>";
		};
		F3A68953193BF24A004E02FC = {
			isa = PBXGroup;
			children = (
				F3A6895E193BF24A004E02FC /* ntw */,
				F315F59B19540BEA007B2D95 /* ntw Tests */,
				F315F59819540BEA007B2D95 /* Frameworks */,
				F3A6895D193BF24A004E02FC /* Products */,
			);
			sourceTree = "<group>";
		};
		F3A6895D193BF24A004E02FC /* Products */ = {
			isa = PBXGroup;
			children = (
				F3A6895C193BF24A004E02FC /* ntw */,
				F315F59719540BEA007B2D95 /* ntw Tests.xctest */,
			);
			name = Products;
			sourceTree = "<group>";
		};
		F3A6895E193BF24A004E02FC /* ntw */ = {
			isa = PBXGroup;
			children = (
				F315F58419525478007B2D95 /* util */,
				F3A68C24193BFA5C004E02FC /* resources */,
				F3A68C1F193BF942004E02FC /* game */,
				F3A6895F193BF24A004E02FC /* main.cpp */,
				F3A68C23193BFA51004E02FC /* includes */,
			);
			path = ntw;
			sourceTree = "<group>";
		};
		F3A68968193BF462004E02FC /* tdogl */ = {
			isa = PBXGroup;
			children = (
				F3A68969193BF462004E02FC /* Bitmap.cpp */,
				F3A6896A193BF462004E02FC /* Bitmap.h */,
				F3A6896B193BF462004E02FC /* Camera.cpp */,
				F3A6896C193BF462004E02FC /* Camera.h */,
				F3A6896D193BF462004E02FC /* Program.cpp */,
				F3A6896E193BF462004E02FC /* Program.h */,
				F3A6896F193BF462004E02FC /* Shader.cpp */,
				F3A68970193BF462004E02FC /* Shader.h */,
				F3A68971193BF462004E02FC /* Texture.cpp */,
				F3A68972193BF462004E02FC /* Texture.h */,
			);
			path = tdogl;
			sourceTree = "<group>";
		};
		F3A68C11193BF523004E02FC /* thirparty */ = {
			isa = PBXGroup;
			children = (
				F3D6E7C01946FACE00851E13 /* Awesomium.framework */,
				F3D6E7BE1946E75400851E13 /* libglfw.3.0.dylib */,
				F3A68C39193C1486004E02FC /* IOKit.framework */,
				F3A68C18193BF62D004E02FC /* Cocoa.framework */,
				F3A68C16193BF627004E02FC /* OpenGL.framework */,
				F3A68C12193BF550004E02FC /* glew.c */,
			);
			name = thirparty;
			sourceTree = "<group>";
		};
		F3A68C1F193BF942004E02FC /* game */ = {
			isa = PBXGroup;
			children = (
				F3D6E7A8194568A200851E13 /* events */,
				F3D6E7A11944340C00851E13 /* ui */,
				F3A68C3E193D5C40004E02FC /* ent */,
				F3A68C20193BF976004E02FC /* Game.cpp */,
				F3A68C21193BF976004E02FC /* Game.h */,
				F3A68C2E193BFD91004E02FC /* Graphics.cpp */,
				F3A68C2F193BFD91004E02FC /* Graphics.h */,
				F3A68C36193C1156004E02FC /* Assets.cpp */,
				F3A68C37193C1156004E02FC /* Assets.h */,
				F34D5E56194FF43000FE8995 /* InputEnum.h */,
				F3A68C3B193C1D1E004E02FC /* Env.cpp */,
				F3A68C3C193C1D1E004E02FC /* Env.h */,
				F3D6E7A51945681300851E13 /* Input.cpp */,
				F3D6E7A61945681300851E13 /* Input.h */,
				F3D6E7B1194585E800851E13 /* Interface.cpp */,
				F3D6E7B2194585E800851E13 /* Interface.h */,
				F344933819581F0C00D4F76F /* Player.cpp */,
				F344933919581F0C00D4F76F /* Player.h */,
			);
			path = game;
			sourceTree = "<group>";
		};
		F3A68C23193BFA51004E02FC /* includes */ = {
			isa = PBXGroup;
			children = (
				F3A68968193BF462004E02FC /* tdogl */,
				F3A68C11193BF523004E02FC /* thirparty */,
			);
			name = includes;
			sourceTree = "<group>";
		};
		F3A68C24193BFA5C004E02FC /* resources */ = {
			isa = PBXGroup;
			children = (
				F344933B19581F9E00D4F76F /* shaders */,
				F3D6E80A1948520B00851E13 /* ui */,
			);
			path = resources;
			sourceTree = "<group>";
		};
		F3A68C3E193D5C40004E02FC /* ent */ = {
			isa = PBXGroup;
			children = (
				F3A68C3F193D5CFD004E02FC /* Galaxy.cpp */,
				F3A68C40193D5CFD004E02FC /* Galaxy.h */,
				F3A68C54193D6D87004E02FC /* GalacticObject.cpp */,
				F3A68C55193D6D87004E02FC /* GalacticObject.h */,
				F3A68C42193D5D09004E02FC /* SolarSystem.cpp */,
				F3A68C43193D5D09004E02FC /* SolarSystem.h */,
				F3A68C48193D5D20004E02FC /* Star.cpp */,
				F3A68C49193D5D20004E02FC /* Star.h */,
				F3A68C4B193D5D38004E02FC /* SolarSystemObject.cpp */,
				F3A68C4C193D5D38004E02FC /* SolarSystemObject.h */,
				F3A68C4E193D5D68004E02FC /* Planet.cpp */,
				F3A68C4F193D5D68004E02FC /* Planet.h */,
				F3A68C51193D5D78004E02FC /* Moon.cpp */,
				F3A68C52193D5D78004E02FC /* Moon.h */,
				F315F58E19525C12007B2D95 /* Obj.h */,
			);
			name = ent;
			sourceTree = "<group>";
		};
		F3D6E7A11944340C00851E13 /* ui */ = {
			isa = PBXGroup;
			children = (
				F3D6E7A21944507B00851E13 /* uiSystemSearch.cpp */,
				F3D6E7A31944507B00851E13 /* uiSystemSearch.h */,
				F3D6E7B41945862400851E13 /* uiWindow.cpp */,
				F3D6E7B51945862400851E13 /* uiWindow.h */,
			);
			name = ui;
			sourceTree = "<group>";
		};
		F3D6E7A8194568A200851E13 /* events */ = {
			isa = PBXGroup;
			children = (
				F3D6E7A9194568BA00851E13 /* KeyEvent.cpp */,
				F3D6E7AA194568BB00851E13 /* KeyEvent.h */,
				F3D6E7AC194568C600851E13 /* MouseEvent.cpp */,
				F3D6E7AD194568C600851E13 /* MouseEvent.h */,
				F34D5E50194FF06E00FE8995 /* MouseButtonEvent.cpp */,
				F34D5E51194FF06E00FE8995 /* MouseButtonEvent.h */,
			);
			name = events;
			sourceTree = "<group>";
		};
		F3D6E80A1948520B00851E13 /* ui */ = {
			isa = PBXGroup;
			children = (
				F3EDB6BF194CD61500466455 /* dev.html */,
				F3D6E80F1949A92800851E13 /* menu.html */,
				F3D6E80D1949A91B00851E13 /* search.html */,
				F3D6E80B1948522A00851E13 /* version */,
			);
			path = ui;
			sourceTree = "<group>";
		};
/* End PBXGroup section */

/* Begin PBXNativeTarget section */
		F315F59619540BEA007B2D95 /* ntw Tests */ = {
			isa = PBXNativeTarget;
			buildConfigurationList = F315F5A619540BEB007B2D95 /* Build configuration list for PBXNativeTarget "ntw Tests" */;
			buildPhases = (
				F315F59319540BEA007B2D95 /* Sources */,
				F315F59419540BEA007B2D95 /* Frameworks */,
				F315F59519540BEA007B2D95 /* Resources */,
			);
			buildRules = (
			);
			dependencies = (
				F315F5A519540BEB007B2D95 /* PBXTargetDependency */,
			);
			name = "ntw Tests";
			productName = "ntw Tests";
			productReference = F315F59719540BEA007B2D95 /* ntw Tests.xctest */;
			productType = "com.apple.product-type.bundle.unit-test";
		};
		F3A6895B193BF24A004E02FC /* ntw */ = {
			isa = PBXNativeTarget;
			buildConfigurationList = F3A68965193BF24A004E02FC /* Build configuration list for PBXNativeTarget "ntw" */;
			buildPhases = (
				F3A68958193BF24A004E02FC /* Sources */,
				F3A68959193BF24A004E02FC /* Frameworks */,
				F3A68C29193BFBB8004E02FC /* Resources */,
			);
			buildRules = (
			);
			dependencies = (
			);
			name = ntw;
			productName = ntw;
			productReference = F3A6895C193BF24A004E02FC /* ntw */;
			productType = "com.apple.product-type.tool";
		};
/* End PBXNativeTarget section */

/* Begin PBXProject section */
		F3A68954193BF24A004E02FC /* Project object */ = {
			isa = PBXProject;
			attributes = {
				LastUpgradeCheck = 0500;
				ORGANIZATIONNAME = Gideon;
				TargetAttributes = {
					F315F59619540BEA007B2D95 = {
						TestTargetID = F3A6895B193BF24A004E02FC;
					};
				};
			};
			buildConfigurationList = F3A68957193BF24A004E02FC /* Build configuration list for PBXProject "ntw" */;
			compatibilityVersion = "Xcode 3.2";
			developmentRegion = English;
			hasScannedForEncodings = 0;
			knownRegions = (
				en,
			);
			mainGroup = F3A68953193BF24A004E02FC;
			productRefGroup = F3A6895D193BF24A004E02FC /* Products */;
			projectDirPath = "";
			projectRoot = "";
			targets = (
				F3A6895B193BF24A004E02FC /* ntw */,
				F315F59619540BEA007B2D95 /* ntw Tests */,
			);
		};
/* End PBXProject section */

/* Begin PBXResourcesBuildPhase section */
		F315F59519540BEA007B2D95 /* Resources */ = {
			isa = PBXResourcesBuildPhase;
			buildActionMask = 2147483647;
			files = (
				F315F5A019540BEB007B2D95 /* InfoPlist.strings in Resources */,
			);
			runOnlyForDeploymentPostprocessing = 0;
		};
		F3A68C29193BFBB8004E02FC /* Resources */ = {
			isa = PBXResourcesBuildPhase;
			buildActionMask = 2147483647;
			files = (
				F3395E821958F46000953A5A /* octree-debug.vs in Resources */,
				F3395E831958F46000953A5A /* octree-debug.fs in Resources */,
				F3395E841958F46000953A5A /* planet-vert.vs in Resources */,
				F3395E851958F46000953A5A /* planet-frag.fs in Resources */,
				F3D6E80E1949A91B00851E13 /* search.html in Resources */,
				F3D6E8101949A92900851E13 /* menu.html in Resources */,
				F3A68C2A193BFBCA004E02FC /* fragment-shader.fs in Resources */,
				F3A68C2B193BFBCA004E02FC /* ui-frag-shader.fs in Resources */,
				F3A68C2C193BFBCA004E02FC /* ui-vert-shader.vs in Resources */,
				F3EDB6C0194CD61500466455 /* dev.html in Resources */,
				F3D6E80C1948522A00851E13 /* version in Resources */,
				F3A68C2D193BFBCA004E02FC /* vertex-shader.vs in Resources */,
			);
			runOnlyForDeploymentPostprocessing = 0;
		};
/* End PBXResourcesBuildPhase section */

/* Begin PBXSourcesBuildPhase section */
		F315F59319540BEA007B2D95 /* Sources */ = {
			isa = PBXSourcesBuildPhase;
			buildActionMask = 2147483647;
			files = (
				F315F5A219540BEB007B2D95 /* ntw_Tests.m in Sources */,
			);
			runOnlyForDeploymentPostprocessing = 0;
		};
		F3A68958193BF24A004E02FC /* Sources */ = {
			isa = PBXSourcesBuildPhase;
			buildActionMask = 2147483647;
			files = (
				F3A68C53193D5D78004E02FC /* Moon.cpp in Sources */,
				F3A68C1A193BF78B004E02FC /* Bitmap.cpp in Sources */,
				F315F5871952549B007B2D95 /* util.cpp in Sources */,
				F315F58D195257BA007B2D95 /* Node.cpp in Sources */,
				F3A68C30193BFD91004E02FC /* Graphics.cpp in Sources */,
				F3D6E7B61945862400851E13 /* uiWindow.cpp in Sources */,
				F315F58A195254C6007B2D95 /* Octree.cpp in Sources */,
				F34D5E52194FF06E00FE8995 /* MouseButtonEvent.cpp in Sources */,
				F3D6E7A71945681300851E13 /* Input.cpp in Sources */,
				F3A68C1B193BF78B004E02FC /* Camera.cpp in Sources */,
				F3D6E7A41944507B00851E13 /* uiSystemSearch.cpp in Sources */,
				F3A68C4D193D5D38004E02FC /* SolarSystemObject.cpp in Sources */,
				F3D6E7AB194568BB00851E13 /* KeyEvent.cpp in Sources */,
				F3A68C38193C1156004E02FC /* Assets.cpp in Sources */,
				F3A68C1C193BF78B004E02FC /* Program.cpp in Sources */,
				F3A68C22193BF976004E02FC /* Game.cpp in Sources */,
				F344933A19581F0C00D4F76F /* Player.cpp in Sources */,
				F3A68C56193D6D87004E02FC /* GalacticObject.cpp in Sources */,
				F3A68C50193D5D68004E02FC /* Planet.cpp in Sources */,
				F3A68C1D193BF78B004E02FC /* Shader.cpp in Sources */,
				F3D6E7B3194585E800851E13 /* Interface.cpp in Sources */,
				F3A68C1E193BF78B004E02FC /* Texture.cpp in Sources */,
				F3D6E7AE194568C600851E13 /* MouseEvent.cpp in Sources */,
				F3A68C4A193D5D20004E02FC /* Star.cpp in Sources */,
				F3A68C3D193C1D1E004E02FC /* Env.cpp in Sources */,
				F3A68C13193BF550004E02FC /* glew.c in Sources */,
				F3A68960193BF24A004E02FC /* main.cpp in Sources */,
				F3A68C44193D5D09004E02FC /* SolarSystem.cpp in Sources */,
				F3A68C41193D5CFD004E02FC /* Galaxy.cpp in Sources */,
			);
			runOnlyForDeploymentPostprocessing = 0;
		};
/* End PBXSourcesBuildPhase section */

/* Begin PBXTargetDependency section */
		F315F5A519540BEB007B2D95 /* PBXTargetDependency */ = {
			isa = PBXTargetDependency;
			target = F3A6895B193BF24A004E02FC /* ntw */;
			targetProxy = F315F5A419540BEB007B2D95 /* PBXContainerItemProxy */;
		};
/* End PBXTargetDependency section */

/* Begin PBXVariantGroup section */
		F315F59E19540BEA007B2D95 /* InfoPlist.strings */ = {
			isa = PBXVariantGroup;
			children = (
				F315F59F19540BEA007B2D95 /* en */,
			);
			name = InfoPlist.strings;
			sourceTree = "<group>";
		};
/* End PBXVariantGroup section */

/* Begin XCBuildConfiguration section */
		F315F5A719540BEB007B2D95 /* Debug */ = {
			isa = XCBuildConfiguration;
			buildSettings = {
				FRAMEWORK_SEARCH_PATHS = (
					"$(DEVELOPER_FRAMEWORKS_DIR)",
					"$(inherited)",
				);
				GCC_PRECOMPILE_PREFIX_HEADER = YES;
				GCC_PREFIX_HEADER = "ntw Tests/ntw Tests-Prefix.pch";
				GCC_PREPROCESSOR_DEFINITIONS = (
					"DEBUG=1",
					"$(inherited)",
				);
				INFOPLIST_FILE = "ntw Tests/ntw Tests-Info.plist";
				PRODUCT_NAME = "$(TARGET_NAME)";
				SDKROOT = macosx;
				WRAPPER_EXTENSION = xctest;
			};
			name = Debug;
		};
		F315F5A819540BEB007B2D95 /* Release */ = {
			isa = XCBuildConfiguration;
			buildSettings = {
				FRAMEWORK_SEARCH_PATHS = (
					"$(DEVELOPER_FRAMEWORKS_DIR)",
					"$(inherited)",
				);
				GCC_PRECOMPILE_PREFIX_HEADER = YES;
				GCC_PREFIX_HEADER = "ntw Tests/ntw Tests-Prefix.pch";
				INFOPLIST_FILE = "ntw Tests/ntw Tests-Info.plist";
				PRODUCT_NAME = "$(TARGET_NAME)";
				SDKROOT = macosx;
				WRAPPER_EXTENSION = xctest;
			};
			name = Release;
		};
		F3A68963193BF24A004E02FC /* Debug */ = {
			isa = XCBuildConfiguration;
			buildSettings = {
				ALWAYS_SEARCH_USER_PATHS = NO;
				ARCHS = "$(ARCHS_STANDARD_32_BIT)";
				CLANG_CXX_LANGUAGE_STANDARD = "gnu++0x";
				CLANG_CXX_LIBRARY = "libc++";
				CLANG_ENABLE_OBJC_ARC = YES;
				CLANG_WARN_BOOL_CONVERSION = YES;
				CLANG_WARN_CONSTANT_CONVERSION = YES;
				CLANG_WARN_DIRECT_OBJC_ISA_USAGE = YES_ERROR;
				CLANG_WARN_EMPTY_BODY = YES;
				CLANG_WARN_ENUM_CONVERSION = YES;
				CLANG_WARN_INT_CONVERSION = YES;
				CLANG_WARN_OBJC_ROOT_CLASS = YES_ERROR;
				CLANG_WARN__DUPLICATE_METHOD_MATCH = YES;
				COPY_PHASE_STRIP = NO;
				GCC_C_LANGUAGE_STANDARD = gnu99;
				GCC_DYNAMIC_NO_PIC = NO;
				GCC_ENABLE_OBJC_EXCEPTIONS = YES;
				GCC_OPTIMIZATION_LEVEL = 0;
				GCC_PREPROCESSOR_DEFINITIONS = (
					"DEBUG=1",
					"$(inherited)",
				);
				GCC_SYMBOLS_PRIVATE_EXTERN = NO;
				GCC_WARN_64_TO_32_BIT_CONVERSION = YES;
				GCC_WARN_ABOUT_RETURN_TYPE = YES_ERROR;
				GCC_WARN_UNDECLARED_SELECTOR = YES;
				GCC_WARN_UNINITIALIZED_AUTOS = YES;
				GCC_WARN_UNUSED_FUNCTION = YES;
				GCC_WARN_UNUSED_VARIABLE = YES;
				MACOSX_DEPLOYMENT_TARGET = 10.9;
				ONLY_ACTIVE_ARCH = YES;
				SDKROOT = macosx10.8;
			};
			name = Debug;
		};
		F3A68964193BF24A004E02FC /* Release */ = {
			isa = XCBuildConfiguration;
			buildSettings = {
				ALWAYS_SEARCH_USER_PATHS = NO;
				ARCHS = "$(ARCHS_STANDARD_32_BIT)";
				CLANG_CXX_LANGUAGE_STANDARD = "gnu++0x";
				CLANG_CXX_LIBRARY = "libc++";
				CLANG_ENABLE_OBJC_ARC = YES;
				CLANG_WARN_BOOL_CONVERSION = YES;
				CLANG_WARN_CONSTANT_CONVERSION = YES;
				CLANG_WARN_DIRECT_OBJC_ISA_USAGE = YES_ERROR;
				CLANG_WARN_EMPTY_BODY = YES;
				CLANG_WARN_ENUM_CONVERSION = YES;
				CLANG_WARN_INT_CONVERSION = YES;
				CLANG_WARN_OBJC_ROOT_CLASS = YES_ERROR;
				CLANG_WARN__DUPLICATE_METHOD_MATCH = YES;
				COPY_PHASE_STRIP = YES;
				DEBUG_INFORMATION_FORMAT = "dwarf-with-dsym";
				ENABLE_NS_ASSERTIONS = NO;
				GCC_C_LANGUAGE_STANDARD = gnu99;
				GCC_ENABLE_OBJC_EXCEPTIONS = YES;
				GCC_WARN_64_TO_32_BIT_CONVERSION = YES;
				GCC_WARN_ABOUT_RETURN_TYPE = YES_ERROR;
				GCC_WARN_UNDECLARED_SELECTOR = YES;
				GCC_WARN_UNINITIALIZED_AUTOS = YES;
				GCC_WARN_UNUSED_FUNCTION = YES;
				GCC_WARN_UNUSED_VARIABLE = YES;
				MACOSX_DEPLOYMENT_TARGET = 10.9;
				SDKROOT = macosx10.8;
			};
			name = Release;
		};
		F3A68966193BF24A004E02FC /* Debug */ = {
			isa = XCBuildConfiguration;
			buildSettings = {
				FRAMEWORK_SEARCH_PATHS = (
					"$(inherited)",
					"$(LOCAL_LIBRARY_DIR)/Frameworks",
				);
				HEADER_SEARCH_PATHS = (
					"$(inherited)",
					/Applications/Xcode.app/Contents/Developer/Toolchains/XcodeDefault.xctoolchain/usr/include,
					/Users/gideon/Projects/ntw/ntw/thirdparty/glm,
					/Users/gideon/Projects/ntw/ntw/thirdparty/glew/include,
					/Users/gideon/Projects/ntw/ntw/thirdparty/glfw/include,
					/Users/gideon/Projects/ntw/ntw/thirdparty/stb_image,
					/Users/gideon/Projects/ntw/ntw/thirdparty,
					/Users/gideon/Projects/ntw/ntw/thirdparty/freetype2,
				);
				LIBRARY_SEARCH_PATHS = (
					"$(inherited)",
					/Users/gideon/Projects/ntw/ntw/thirdparty/glfw/include,
					/Users/gideon/Projects/ntw/ntw/thirdparty/glm,
					/Users/gideon/Projects/ntw/ntw/thirdparty/glew/include,
					/Users/gideon/Projects/ntw/ntw/thirdparty/glfw,
					/Users/gideon/Projects/ntw/ntw/thirdparty/,
					/Users/gideon/Projects/ntw/ntw/thirdparty/ftgl,
				);
				PRODUCT_NAME = "$(TARGET_NAME)";
			};
			name = Debug;
		};
		F3A68967193BF24A004E02FC /* Release */ = {
			isa = XCBuildConfiguration;
			buildSettings = {
				FRAMEWORK_SEARCH_PATHS = (
					"$(inherited)",
					"$(LOCAL_LIBRARY_DIR)/Frameworks",
				);
				HEADER_SEARCH_PATHS = (
					"$(inherited)",
					/Applications/Xcode.app/Contents/Developer/Toolchains/XcodeDefault.xctoolchain/usr/include,
					/Users/gideon/Projects/ntw/ntw/thirdparty/glew/include,
					/Users/gideon/Projects/ntw/ntw/thirdparty/glm,
					/Users/gideon/Projects/ntw/ntw/thirdparty/glfw/include,
					/Users/gideon/Projects/ntw/ntw/thirdparty/stb_image,
					/Users/gideon/Projects/ntw/ntw/thirdparty/,
					/Users/gideon/Projects/ntw/ntw/thirdparty/freetype2,
				);
				LIBRARY_SEARCH_PATHS = (
					"$(inherited)",
					/Users/gideon/Projects/ntw/ntw/thirdparty/glfw/include,
					/Users/gideon/Projects/ntw/ntw/thirdparty/glm,
					/Users/gideon/Projects/ntw/ntw/thirdparty/glew/include,
					/Users/gideon/Projects/ntw/ntw/thirdparty/glfw,
					/Users/gideon/Projects/ntw/ntw/thirdparty/,
					/Users/gideon/Projects/ntw/ntw/thirdparty/ftgl,
				);
				PRODUCT_NAME = "$(TARGET_NAME)";
			};
			name = Release;
		};
/* End XCBuildConfiguration section */

/* Begin XCConfigurationList section */
		F315F5A619540BEB007B2D95 /* Build configuration list for PBXNativeTarget "ntw Tests" */ = {
			isa = XCConfigurationList;
			buildConfigurations = (
				F315F5A719540BEB007B2D95 /* Debug */,
				F315F5A819540BEB007B2D95 /* Release */,
			);
			defaultConfigurationIsVisible = 0;
			defaultConfigurationName = Release;
		};
		F3A68957193BF24A004E02FC /* Build configuration list for PBXProject "ntw" */ = {
			isa = XCConfigurationList;
			buildConfigurations = (
				F3A68963193BF24A004E02FC /* Debug */,
				F3A68964193BF24A004E02FC /* Release */,
			);
			defaultConfigurationIsVisible = 0;
			defaultConfigurationName = Release;
		};
		F3A68965193BF24A004E02FC /* Build configuration list for PBXNativeTarget "ntw" */ = {
			isa = XCConfigurationList;
			buildConfigurations = (
				F3A68966193BF24A004E02FC /* Debug */,
				F3A68967193BF24A004E02FC /* Release */,
			);
			defaultConfigurationIsVisible = 0;
			defaultConfigurationName = Release;
		};
/* End XCConfigurationList section */
	};
	rootObject = F3A68954193BF24A004E02FC /* Project object */;
}
